
Microsoft Visual Studio Solution File, Format Version 12.00
# Visual Studio 14
VisualStudioVersion = 14.0.24720.0
MinimumVisualStudioVersion = 10.0.40219.1
Project("{FAE04EC0-301F-11D3-BF4B-00C04F79EFBC}") = "CounterStrikeAlerter", "CounterStrikeAlerter\CounterStrikeAlerter.csproj", "{C994A043-03CA-46F3-BD4C-7D8EB84AAD08}"
EndProject
Project("{2150E333-8FDC-42A3-9474-1A3956D46DE8}") = "Test", "Test", "{0A5EC959-4FC2-4BB0-B097-9006F41618CC}"
EndProject
Project("{FAE04EC0-301F-11D3-BF4B-00C04F79EFBC}") = "CSA.Model", "CSA.Model\CSA.Model.csproj", "{5E853511-CAE0-4623-9AA3-2524C93B9DF5}"
EndProject
Project("{FAE04EC0-301F-11D3-BF4B-00C04F79EFBC}") = "CSA.ViewModel", "CSA.ViewModel\CSA.ViewModel.csproj", "{5D35B7E9-FE4C-40DD-8C5F-9964F60BE44B}"
EndProject
Project("{FAE04EC0-301F-11D3-BF4B-00C04F79EFBC}") = "CSA.ViewModelTests", "CSA.ViewModelTests\CSA.ViewModelTests.csproj", "{6B432C01-71F8-4CBC-8BD4-798C3E4B701F}"
EndProject
Project("{FAE04EC0-301F-11D3-BF4B-00C04F79EFBC}") = "CSA.Common", "CSA.Common\CSA.Common.csproj", "{DC5BA645-313C-4D49-9AC2-75B8AC5EB274}"
EndProject
Project("{FAE04EC0-301F-11D3-BF4B-00C04F79EFBC}") = "CSA.CommonTests", "CSA.CommonTests\CSA.CommonTests.csproj", "{24ECC911-BBD0-411D-AB96-2274ED3FC839}"
EndProject
Project("{FAE04EC0-301F-11D3-BF4B-00C04F79EFBC}") = "CSA.Reporter", "CSA.Reporter\CSA.Reporter.csproj", "{C93A374F-C2EC-49BB-8A35-3F26B1B6DC02}"
EndProject
Global
	GlobalSection(SolutionConfigurationPlatforms) = preSolution
		Debug|Any CPU = Debug|Any CPU
		Release|Any CPU = Release|Any CPU
	EndGlobalSection
	GlobalSection(ProjectConfigurationPlatforms) = postSolution
		{C994A043-03CA-46F3-BD4C-7D8EB84AAD08}.Debug|Any CPU.ActiveCfg = Debug|Any CPU
		{C994A043-03CA-46F3-BD4C-7D8EB84AAD08}.Debug|Any CPU.Build.0 = Debug|Any CPU
		{C994A043-03CA-46F3-BD4C-7D8EB84AAD08}.Release|Any CPU.ActiveCfg = Release|Any CPU
		{C994A043-03CA-46F3-BD4C-7D8EB84AAD08}.Release|Any CPU.Build.0 = Release|Any CPU
		{5E853511-CAE0-4623-9AA3-2524C93B9DF5}.Debug|Any CPU.ActiveCfg = Debug|Any CPU
		{5E853511-CAE0-4623-9AA3-2524C93B9DF5}.Debug|Any CPU.Build.0 = Debug|Any CPU
		{5E853511-CAE0-4623-9AA3-2524C93B9DF5}.Release|Any CPU.ActiveCfg = Release|Any CPU
		{5E853511-CAE0-4623-9AA3-2524C93B9DF5}.Release|Any CPU.Build.0 = Release|Any CPU
		{5D35B7E9-FE4C-40DD-8C5F-9964F60BE44B}.Debug|Any CPU.ActiveCfg = Debug|Any CPU
		{5D35B7E9-FE4C-40DD-8C5F-9964F60BE44B}.Debug|Any CPU.Build.0 = Debug|Any CPU
		{5D35B7E9-FE4C-40DD-8C5F-9964F60BE44B}.Release|Any CPU.ActiveCfg = Release|Any CPU
		{5D35B7E9-FE4C-40DD-8C5F-9964F60BE44B}.Release|Any CPU.Build.0 = Release|Any CPU
		{6B432C01-71F8-4CBC-8BD4-798C3E4B701F}.Debug|Any CPU.ActiveCfg = Debug|Any CPU
		{6B432C01-71F8-4CBC-8BD4-798C3E4B701F}.Debug|Any CPU.Build.0 = Debug|Any CPU
		{6B432C01-71F8-4CBC-8BD4-798C3E4B701F}.Release|Any CPU.ActiveCfg = Release|Any CPU
		{6B432C01-71F8-4CBC-8BD4-798C3E4B701F}.Release|Any CPU.Build.0 = Release|Any CPU
		{DC5BA645-313C-4D49-9AC2-75B8AC5EB274}.Debug|Any CPU.ActiveCfg = Debug|Any CPU
		{DC5BA645-313C-4D49-9AC2-75B8AC5EB274}.Debug|Any CPU.Build.0 = Debug|Any CPU
		{DC5BA645-313C-4D49-9AC2-75B8AC5EB274}.Release|Any CPU.ActiveCfg = Release|Any CPU
		{DC5BA645-313C-4D49-9AC2-75B8AC5EB274}.Release|Any CPU.Build.0 = Release|Any CPU
		{24ECC911-BBD0-411D-AB96-2274ED3FC839}.Debug|Any CPU.ActiveCfg = Debug|Any CPU
		{24ECC911-BBD0-411D-AB96-2274ED3FC839}.Debug|Any CPU.Build.0 = Debug|Any CPU
		{24ECC911-BBD0-411D-AB96-2274ED3FC839}.Release|Any CPU.ActiveCfg = Release|Any CPU
		{24ECC911-BBD0-411D-AB96-2274ED3FC839}.Release|Any CPU.Build.0 = Release|Any CPU
		{C93A374F-C2EC-49BB-8A35-3F26B1B6DC02}.Debug|Any CPU.ActiveCfg = Debug|Any CPU
		{C93A374F-C2EC-49BB-8A35-3F26B1B6DC02}.Debug|Any CPU.Build.0 = Debug|Any CPU
		{C93A374F-C2EC-49BB-8A35-3F26B1B6DC02}.Release|Any CPU.ActiveCfg = Release|Any CPU
		{C93A374F-C2EC-49BB-8A35-3F26B1B6DC02}.Release|Any CPU.Build.0 = Release|Any CPU
	EndGlobalSection
	GlobalSection(SolutionProperties) = preSolution
		HideSolutionNode = FALSE
	EndGlobalSection
	GlobalSection(NestedProjects) = preSolution
		{6B432C01-71F8-4CBC-8BD4-798C3E4B701F} = {0A5EC959-4FC2-4BB0-B097-9006F41618CC}
		{24ECC911-BBD0-411D-AB96-2274ED3FC839} = {0A5EC959-4FC2-4BB0-B097-9006F41618CC}
	EndGlobalSection
EndGlobal
